# THIS IS AN AUTOGENERATED FILE. DO NOT EDIT THIS FILE DIRECTLY.
# yarn lockfile v1


"@intlify/core-base@9.14.5":
  version "9.14.5"
  resolved "https://registry.yarnpkg.com/@intlify/core-base/-/core-base-9.14.5.tgz#cfed631e98b34f4f6fe1312e6c02dd8ace180197"
  integrity sha512-5ah5FqZG4pOoHjkvs8mjtv+gPKYU0zCISaYNjBNNqYiaITxW8ZtVih3GS/oTOqN8d9/mDLyrjD46GBApNxmlsA==
  dependencies:
    "@intlify/message-compiler" "9.14.5"
    "@intlify/shared" "9.14.5"

"@intlify/message-compiler@9.14.5":
  version "9.14.5"
  resolved "https://registry.yarnpkg.com/@intlify/message-compiler/-/message-compiler-9.14.5.tgz#03b0a358c93cb2eed95936531c8a5871fd3841b0"
  integrity sha512-IHzgEu61/YIpQV5Pc3aRWScDcnFKWvQA9kigcINcCBXN8mbW+vk9SK+lDxA6STzKQsVJxUPg9ACC52pKKo3SVQ==
  dependencies:
    "@intlify/shared" "9.14.5"
    source-map-js "^1.0.2"

"@intlify/shared@9.14.5":
  version "9.14.5"
  resolved "https://registry.yarnpkg.com/@intlify/shared/-/shared-9.14.5.tgz#2e42193b8356db20ee28c15d1ee6c8f0fda6c0b9"
  integrity sha512-9gB+E53BYuAEMhbCAxVgG38EZrk59sxBtv3jSizNL2hEWlgjBjAw1AwpLHtNaeda12pe6W20OGEa0TwuMSRbyQ==

"@vue/devtools-api@^6.5.0":
  version "6.6.4"
  resolved "https://registry.yarnpkg.com/@vue/devtools-api/-/devtools-api-6.6.4.tgz#cbe97fe0162b365edc1dba80e173f90492535343"
  integrity sha512-sGhTPMuXqZ1rVOk32RylztWkfXTRhuS7vgAKv0zjqk8gbsHkJ7xfFf+jbySxt7tWObEJwyKaHMikV/WGDiQm8g==

source-map-js@^1.0.2:
  version "1.2.1"
  resolved "https://registry.yarnpkg.com/source-map-js/-/source-map-js-1.2.1.tgz#1ce5650fddd87abc099eda37dcff024c2667ae46"
  integrity sha512-UXWMKhLOwVKb728IUtQPXxfYU+usdybtUrK/8uGE8CQMvrhOpwvzDBwj0QhSL7MQc7vIsISBG8VQ8+IDQxpfQA==

vue-i18n@9:
  version "9.14.5"
  resolved "https://registry.yarnpkg.com/vue-i18n/-/vue-i18n-9.14.5.tgz#72fbf4384b83a1c59ec9e01ff5d30224bd9150cf"
  integrity sha512-0jQ9Em3ymWngyiIkj0+c/k7WgaPO+TNzjKSNq9BvBQaKJECqn9cd9fL4tkDhB5G1QBskGl9YxxbDAhgbFtpe2g==
  dependencies:
    "@intlify/core-base" "9.14.5"
    "@intlify/shared" "9.14.5"
    "@vue/devtools-api" "^6.5.0"
